// !$*UTF8*$!
{
	archiveVersion = 1;
	classes = {
	};
	objectVersion = 77;
	objects = {

/* Begin PBXContainerItemProxy section */
		52D9DEED2D198F4D005BDF3C /* PBXContainerItemProxy */ = {
			isa = PBXContainerItemProxy;
			containerPortal = 52D9DED32D198F4C005BDF3C /* Project object */;
			proxyType = 1;
			remoteGlobalIDString = 52D9DEDA2D198F4C005BDF3C;
			remoteInfo = cycling;
		};
		52D9DEF72D198F4D005BDF3C /* PBXContainerItemProxy */ = {
			isa = PBXContainerItemProxy;
			containerPortal = 52D9DED32D198F4C005BDF3C /* Project object */;
			proxyType = 1;
			remoteGlobalIDString = 52D9DEDA2D198F4C005BDF3C;
			remoteInfo = cycling;
		};
/* End PBXContainerItemProxy section */

/* Begin PBXFileReference section */
		52D9DEDB2D198F4C005BDF3C /* cycling.app */ = {isa = PBXFileReference; explicitFileType = wrapper.application; includeInIndex = 0; path = cycling.app; sourceTree = BUILT_PRODUCTS_DIR; };
		52D9DEEC2D198F4D005BDF3C /* cyclingTests.xctest */ = {isa = PBXFileReference; explicitFileType = wrapper.cfbundle; includeInIndex = 0; path = cyclingTests.xctest; sourceTree = BUILT_PRODUCTS_DIR; };
		52D9DEF62D198F4D005BDF3C /* cyclingUITests.xctest */ = {isa = PBXFileReference; explicitFileType = wrapper.cfbundle; includeInIndex = 0; path = cyclingUITests.xctest; sourceTree = BUILT_PRODUCTS_DIR; };
/* End PBXFileReference section */

/* Begin PBXFileSystemSynchronizedBuildFileExceptionSet section */
		52062D5E2D30EE9B008C59F2 /* Exceptions for "cycling" folder in "cyclingTests" target */ = {
			isa = PBXFileSystemSynchronizedBuildFileExceptionSet;
			membershipExceptions = (
				"Fonts/Jersey15-Regular.ttf",
			);
			target = 52D9DEEB2D198F4D005BDF3C /* cyclingTests */;
		};
		52062D5F2D30EE9B008C59F2 /* Exceptions for "cycling" folder in "cyclingUITests" target */ = {
			isa = PBXFileSystemSynchronizedBuildFileExceptionSet;
			membershipExceptions = (
				"Fonts/Jersey15-Regular.ttf",
			);
			target = 52D9DEF52D198F4D005BDF3C /* cyclingUITests */;
		};
		52CF38AD2D1C0A6500D5AA20 /* Exceptions for "cycling" folder in "cycling" target */ = {
			isa = PBXFileSystemSynchronizedBuildFileExceptionSet;
			membershipExceptions = (
				Info.plist,
			);
			target = 52D9DEDA2D198F4C005BDF3C /* cycling */;
		};
		52CF38B22D1C209500D5AA20 /* Exceptions for "cyclingTests" folder in "cyclingTests" target */ = {
			isa = PBXFileSystemSynchronizedBuildFileExceptionSet;
			membershipExceptions = (
				Info.plist,
			);
			target = 52D9DEEB2D198F4D005BDF3C /* cyclingTests */;
		};
		52CF38B42D1C209700D5AA20 /* Exceptions for "cyclingUITests" folder in "cyclingUITests" target */ = {
			isa = PBXFileSystemSynchronizedBuildFileExceptionSet;
			membershipExceptions = (
				Info.plist,
			);
			target = 52D9DEF52D198F4D005BDF3C /* cyclingUITests */;
		};
/* End PBXFileSystemSynchronizedBuildFileExceptionSet section */

/* Begin PBXFileSystemSynchronizedRootGroup section */
		52D9DEDD2D198F4C005BDF3C /* cycling */ = {
			isa = PBXFileSystemSynchronizedRootGroup;
			exceptions = (
				52CF38AD2D1C0A6500D5AA20 /* Exceptions for "cycling" folder in "cycling" target */,
				52062D5E2D30EE9B008C59F2 /* Exceptions for "cycling" folder in "cyclingTests" target */,
				52062D5F2D30EE9B008C59F2 /* Exceptions for "cycling" folder in "cyclingUITests" target */,
			);
			path = cycling;
			sourceTree = "<group>";
		};
		52D9DEEF2D198F4D005BDF3C /* cyclingTests */ = {
			isa = PBXFileSystemSynchronizedRootGroup;
			exceptions = (
				52CF38B22D1C209500D5AA20 /* Exceptions for "cyclingTests" folder in "cyclingTests" target */,
			);
			path = cyclingTests;
			sourceTree = "<group>";
		};
		52D9DEF92D198F4D005BDF3C /* cyclingUITests */ = {
			isa = PBXFileSystemSynchronizedRootGroup;
			exceptions = (
				52CF38B42D1C209700D5AA20 /* Exceptions for "cyclingUITests" folder in "cyclingUITests" target */,
			);
			path = cyclingUITests;
			sourceTree = "<group>";
		};
/* End PBXFileSystemSynchronizedRootGroup section */

/* Begin PBXFrameworksBuildPhase section */
		52D9DED82D198F4C005BDF3C /* Frameworks */ = {
			isa = PBXFrameworksBuildPhase;
			buildActionMask = 2147483647;
			files = (
			);
			runOnlyForDeploymentPostprocessing = 0;
		};
		52D9DEE92D198F4D005BDF3C /* Frameworks */ = {
			isa = PBXFrameworksBuildPhase;
			buildActionMask = 2147483647;
			files = (
			);
			runOnlyForDeploymentPostprocessing = 0;
		};
		52D9DEF32D198F4D005BDF3C /* Frameworks */ = {
			isa = PBXFrameworksBuildPhase;
			buildActionMask = 2147483647;
			files = (
			);
			runOnlyForDeploymentPostprocessing = 0;
		};
/* End PBXFrameworksBuildPhase section */

/* Begin PBXGroup section */
		52D9DED22D198F4C005BDF3C = {
			isa = PBXGroup;
			children = (
				52D9DEDD2D198F4C005BDF3C /* cycling */,
				52D9DEEF2D198F4D005BDF3C /* cyclingTests */,
				52D9DEF92D198F4D005BDF3C /* cyclingUITests */,
				52D9DEDC2D198F4C005BDF3C /* Products */,
			);
			sourceTree = "<group>";
		};
		52D9DEDC2D198F4C005BDF3C /* Products */ = {
			isa = PBXGroup;
			children = (
				52D9DEDB2D198F4C005BDF3C /* cycling.app */,
				52D9DEEC2D198F4D005BDF3C /* cyclingTests.xctest */,
				52D9DEF62D198F4D005BDF3C /* cyclingUITests.xctest */,
			);
			name = Products;
			sourceTree = "<group>";
		};
/* End PBXGroup section */

/* Begin PBXNativeTarget section */
		52D9DEDA2D198F4C005BDF3C /* cycling */ = {
			isa = PBXNativeTarget;
			buildConfigurationList = 52D9DF002D198F4D005BDF3C /* Build configuration list for PBXNativeTarget "cycling" */;
			buildPhases = (
				52D9DED72D198F4C005BDF3C /* Sources */,
				52D9DED82D198F4C005BDF3C /* Frameworks */,
				52D9DED92D198F4C005BDF3C /* Resources */,
			);
			buildRules = (
			);
			dependencies = (
			);
			fileSystemSynchronizedGroups = (
				52D9DEDD2D198F4C005BDF3C /* cycling */,
			);
			name = cycling;
			packageProductDependencies = (
			);
			productName = cycling;
			productReference = 52D9DEDB2D198F4C005BDF3C /* cycling.app */;
			productType = "com.apple.product-type.application";
		};
		52D9DEEB2D198F4D005BDF3C /* cyclingTests */ = {
			isa = PBXNativeTarget;
			buildConfigurationList = 52D9DF032D198F4D005BDF3C /* Build configuration list for PBXNativeTarget "cyclingTests" */;
			buildPhases = (
				52D9DEE82D198F4D005BDF3C /* Sources */,
				52D9DEE92D198F4D005BDF3C /* Frameworks */,
				52D9DEEA2D198F4D005BDF3C /* Resources */,
			);
			buildRules = (
			);
			dependencies = (
				52D9DEEE2D198F4D005BDF3C /* PBXTargetDependency */,
			);
			fileSystemSynchronizedGroups = (
				52D9DEEF2D198F4D005BDF3C /* cyclingTests */,
			);
			name = cyclingTests;
			packageProductDependencies = (
			);
			productName = cyclingTests;
			productReference = 52D9DEEC2D198F4D005BDF3C /* cyclingTests.xctest */;
			productType = "com.apple.product-type.bundle.unit-test";
		};
		52D9DEF52D198F4D005BDF3C /* cyclingUITests */ = {
			isa = PBXNativeTarget;
			buildConfigurationList = 52D9DF062D198F4D005BDF3C /* Build configuration list for PBXNativeTarget "cyclingUITests" */;
			buildPhases = (
				52D9DEF22D198F4D005BDF3C /* Sources */,
				52D9DEF32D198F4D005BDF3C /* Frameworks */,
				52D9DEF42D198F4D005BDF3C /* Resources */,
			);
			buildRules = (
			);
			dependencies = (
				52D9DEF82D198F4D005BDF3C /* PBXTargetDependency */,
			);
			fileSystemSynchronizedGroups = (
				52D9DEF92D198F4D005BDF3C /* cyclingUITests */,
			);
			name = cyclingUITests;
			packageProductDependencies = (
			);
			productName = cyclingUITests;
			productReference = 52D9DEF62D198F4D005BDF3C /* cyclingUITests.xctest */;
			productType = "com.apple.product-type.bundle.ui-testing";
		};
/* End PBXNativeTarget section */

/* Begin PBXProject section */
		52D9DED32D198F4C005BDF3C /* Project object */ = {
			isa = PBXProject;
			attributes = {
				BuildIndependentTargetsInParallel = 1;
				LastSwiftUpdateCheck = 1620;
				LastUpgradeCheck = 1620;
				TargetAttributes = {
					52D9DEDA2D198F4C005BDF3C = {
						CreatedOnToolsVersion = 16.2;
					};
					52D9DEEB2D198F4D005BDF3C = {
						CreatedOnToolsVersion = 16.2;
						TestTargetID = 52D9DEDA2D198F4C005BDF3C;
					};
					52D9DEF52D198F4D005BDF3C = {
						CreatedOnToolsVersion = 16.2;
						TestTargetID = 52D9DEDA2D198F4C005BDF3C;
					};
				};
			};
			buildConfigurationList = 52D9DED62D198F4C005BDF3C /* Build configuration list for PBXProject "cycling" */;
			developmentRegion = en;
			hasScannedForEncodings = 0;
			knownRegions = (
				en,
				Base,
			);
			mainGroup = 52D9DED22D198F4C005BDF3C;
			minimizedProjectReferenceProxies = 1;
			preferredProjectObjectVersion = 77;
			productRefGroup = 52D9DEDC2D198F4C005BDF3C /* Products */;
			projectDirPath = "";
			projectRoot = "";
			targets = (
				52D9DEDA2D198F4C005BDF3C /* cycling */,
				52D9DEEB2D198F4D005BDF3C /* cyclingTests */,
				52D9DEF52D198F4D005BDF3C /* cyclingUITests */,
			);
		};
/* End PBXProject section */

/* Begin PBXResourcesBuildPhase section */
		52D9DED92D198F4C005BDF3C /* Resources */ = {
			isa = PBXResourcesBuildPhase;
			buildActionMask = 2147483647;
			files = (
			);
			runOnlyForDeploymentPostprocessing = 0;
		};
		52D9DEEA2D198F4D005BDF3C /* Resources */ = {
			isa = PBXResourcesBuildPhase;
			buildActionMask = 2147483647;
			files = (
			);
			runOnlyForDeploymentPostprocessing = 0;
		};
		52D9DEF42D198F4D005BDF3C /* Resources */ = {
			isa = PBXResourcesBuildPhase;
			buildActionMask = 2147483647;
			files = (
			);
			runOnlyForDeploymentPostprocessing = 0;
		};
/* End PBXResourcesBuildPhase section */

/* Begin PBXSourcesBuildPhase section */
		52D9DED72D198F4C005BDF3C /* Sources */ = {
			isa = PBXSourcesBuildPhase;
			buildActionMask = 2147483647;
			files = (
			);
			runOnlyForDeploymentPostprocessing = 0;
		};
		52D9DEE82D198F4D005BDF3C /* Sources */ = {
			isa = PBXSourcesBuildPhase;
			buildActionMask = 2147483647;
			files = (
			);
			runOnlyForDeploymentPostprocessing = 0;
		};
		52D9DEF22D198F4D005BDF3C /* Sources */ = {
			isa = PBXSourcesBuildPhase;
			buildActionMask = 2147483647;
			files = (
			);
			runOnlyForDeploymentPostprocessing = 0;
		};
/* End PBXSourcesBuildPhase section */

/* Begin PBXTargetDependency section */
		52D9DEEE2D198F4D005BDF3C /* PBXTargetDependency */ = {
			isa = PBXTargetDependency;
			target = 52D9DEDA2D198F4C005BDF3C /* cycling */;
			targetProxy = 52D9DEED2D198F4D005BDF3C /* PBXContainerItemProxy */;
		};
		52D9DEF82D198F4D005BDF3C /* PBXTargetDependency */ = {
			isa = PBXTargetDependency;
			target = 52D9DEDA2D198F4C005BDF3C /* cycling */;
			targetProxy = 52D9DEF72D198F4D005BDF3C /* PBXContainerItemProxy */;
		};
/* End PBXTargetDependency section */

/* Begin XCBuildConfiguration section */
		52D9DEFE2D198F4D005BDF3C /* Debug */ = {
			isa = XCBuildConfiguration;
			buildSettings = {
				ALWAYS_SEARCH_USER_PATHS = NO;
				ASSETCATALOG_COMPILER_GENERATE_SWIFT_ASSET_SYMBOL_EXTENSIONS = YES;
				CLANG_ANALYZER_NONNULL = YES;
				CLANG_ANALYZER_NUMBER_OBJECT_CONVERSION = YES_AGGRESSIVE;
				CLANG_CXX_LANGUAGE_STANDARD = "gnu++20";
				CLANG_ENABLE_MODULES = YES;
				CLANG_ENABLE_OBJC_ARC = YES;
				CLANG_ENABLE_OBJC_WEAK = YES;
				CLANG_WARN_BLOCK_CAPTURE_AUTORELEASING = YES;
				CLANG_WARN_BOOL_CONVERSION = YES;
				CLANG_WARN_COMMA = YES;
				CLANG_WARN_CONSTANT_CONVERSION = YES;
				CLANG_WARN_DEPRECATED_OBJC_IMPLEMENTATIONS = YES;
				CLANG_WARN_DIRECT_OBJC_ISA_USAGE = YES_ERROR;
				CLANG_WARN_DOCUMENTATION_COMMENTS = YES;
				CLANG_WARN_EMPTY_BODY = YES;
				CLANG_WARN_ENUM_CONVERSION = YES;
				CLANG_WARN_INFINITE_RECURSION = YES;
				CLANG_WARN_INT_CONVERSION = YES;
				CLANG_WARN_NON_LITERAL_NULL_CONVERSION = YES;
				CLANG_WARN_OBJC_IMPLICIT_RETAIN_SELF = YES;
				CLANG_WARN_OBJC_LITERAL_CONVERSION = YES;
				CLANG_WARN_OBJC_ROOT_CLASS = YES_ERROR;
				CLANG_WARN_QUOTED_INCLUDE_IN_FRAMEWORK_HEADER = YES;
				CLANG_WARN_RANGE_LOOP_ANALYSIS = YES;
				CLANG_WARN_STRICT_PROTOTYPES = YES;
				CLANG_WARN_SUSPICIOUS_MOVE = YES;
				CLANG_WARN_UNGUARDED_AVAILABILITY = YES_AGGRESSIVE;
				CLANG_WARN_UNREACHABLE_CODE = YES;
				CLANG_WARN__DUPLICATE_METHOD_MATCH = YES;
				COPY_PHASE_STRIP = NO;
				DEBUG_INFORMATION_FORMAT = dwarf;
				ENABLE_STRICT_OBJC_MSGSEND = YES;
				ENABLE_TESTABILITY = YES;
				ENABLE_USER_SCRIPT_SANDBOXING = YES;
				GCC_C_LANGUAGE_STANDARD = gnu17;
				GCC_DYNAMIC_NO_PIC = NO;
				GCC_NO_COMMON_BLOCKS = YES;
				GCC_OPTIMIZATION_LEVEL = 0;
				GCC_PREPROCESSOR_DEFINITIONS = (
					"DEBUG=1",
					"$(inherited)",
				);
				GCC_WARN_64_TO_32_BIT_CONVERSION = YES;
				GCC_WARN_ABOUT_RETURN_TYPE = YES_ERROR;
				GCC_WARN_UNDECLARED_SELECTOR = YES;
				GCC_WARN_UNINITIALIZED_AUTOS = YES_AGGRESSIVE;
				GCC_WARN_UNUSED_FUNCTION = YES;
				GCC_WARN_UNUSED_VARIABLE = YES;
				LOCALIZATION_PREFERS_STRING_CATALOGS = YES;
				MTL_ENABLE_DEBUG_INFO = INCLUDE_SOURCE;
				MTL_FAST_MATH = YES;
				ONLY_ACTIVE_ARCH = YES;
				SWIFT_ACTIVE_COMPILATION_CONDITIONS = "DEBUG $(inherited)";
				SWIFT_OPTIMIZATION_LEVEL = "-Onone";
			};
			name = Debug;
		};
		52D9DEFF2D198F4D005BDF3C /* Release */ = {
			isa = XCBuildConfiguration;
			buildSettings = {
				ALWAYS_SEARCH_USER_PATHS = NO;
				ASSETCATALOG_COMPILER_GENERATE_SWIFT_ASSET_SYMBOL_EXTENSIONS = YES;
				CLANG_ANALYZER_NONNULL = YES;
				CLANG_ANALYZER_NUMBER_OBJECT_CONVERSION = YES_AGGRESSIVE;
				CLANG_CXX_LANGUAGE_STANDARD = "gnu++20";
				CLANG_ENABLE_MODULES = YES;
				CLANG_ENABLE_OBJC_ARC = YES;
				CLANG_ENABLE_OBJC_WEAK = YES;
				CLANG_WARN_BLOCK_CAPTURE_AUTORELEASING = YES;
				CLANG_WARN_BOOL_CONVERSION = YES;
				CLANG_WARN_COMMA = YES;
				CLANG_WARN_CONSTANT_CONVERSION = YES;
				CLANG_WARN_DEPRECATED_OBJC_IMPLEMENTATIONS = YES;
				CLANG_WARN_DIRECT_OBJC_ISA_USAGE = YES_ERROR;
				CLANG_WARN_DOCUMENTATION_COMMENTS = YES;
				CLANG_WARN_EMPTY_BODY = YES;
				CLANG_WARN_ENUM_CONVERSION = YES;
				CLANG_WARN_INFINITE_RECURSION = YES;
				CLANG_WARN_INT_CONVERSION = YES;
				CLANG_WARN_NON_LITERAL_NULL_CONVERSION = YES;
				CLANG_WARN_OBJC_IMPLICIT_RETAIN_SELF = YES;
				CLANG_WARN_OBJC_LITERAL_CONVERSION = YES;
				CLANG_WARN_OBJC_ROOT_CLASS = YES_ERROR;
				CLANG_WARN_QUOTED_INCLUDE_IN_FRAMEWORK_HEADER = YES;
				CLANG_WARN_RANGE_LOOP_ANALYSIS = YES;
				CLANG_WARN_STRICT_PROTOTYPES = YES;
				CLANG_WARN_SUSPICIOUS_MOVE = YES;
				CLANG_WARN_UNGUARDED_AVAILABILITY = YES_AGGRESSIVE;
				CLANG_WARN_UNREACHABLE_CODE = YES;
				CLANG_WARN__DUPLICATE_METHOD_MATCH = YES;
				COPY_PHASE_STRIP = NO;
				DEBUG_INFORMATION_FORMAT = "dwarf-with-dsym";
				ENABLE_NS_ASSERTIONS = NO;
				ENABLE_STRICT_OBJC_MSGSEND = YES;
				ENABLE_USER_SCRIPT_SANDBOXING = YES;
				GCC_C_LANGUAGE_STANDARD = gnu17;
				GCC_NO_COMMON_BLOCKS = YES;
				GCC_WARN_64_TO_32_BIT_CONVERSION = YES;
				GCC_WARN_ABOUT_RETURN_TYPE = YES_ERROR;
				GCC_WARN_UNDECLARED_SELECTOR = YES;
				GCC_WARN_UNINITIALIZED_AUTOS = YES_AGGRESSIVE;
				GCC_WARN_UNUSED_FUNCTION = YES;
				GCC_WARN_UNUSED_VARIABLE = YES;
				LOCALIZATION_PREFERS_STRING_CATALOGS = YES;
				MTL_ENABLE_DEBUG_INFO = NO;
				MTL_FAST_MATH = YES;
				SWIFT_COMPILATION_MODE = wholemodule;
			};
			name = Release;
		};
		52D9DF012D198F4D005BDF3C /* Debug */ = {
			isa = XCBuildConfiguration;
			buildSettings = {
				ASSETCATALOG_COMPILER_APPICON_NAME = AppIcon;
				ASSETCATALOG_COMPILER_GLOBAL_ACCENT_COLOR_NAME = AccentColor;
				CODE_SIGN_ENTITLEMENTS = cycling/cycling.entitlements;
				CODE_SIGN_STYLE = Automatic;
				CURRENT_PROJECT_VERSION = 1;
				DEVELOPMENT_ASSET_PATHS = "\"cycling/Preview Content\"";
				DEVELOPMENT_TEAM = P22Y2JNWTJ;
				ENABLE_HARDENED_RUNTIME = YES;
				ENABLE_PREVIEWS = YES;
				GENERATE_INFOPLIST_FILE = YES;
				INFOPLIST_FILE = cycling/Info.plist;
				INFOPLIST_KEY_NSHealthShareUsageDescription = "We need access to your health data to track your workouts and monitor your fitness progress.";
				INFOPLIST_KEY_NSHealthUpdateUsageDescription = "We need permission to update your health data for better tracking and analysis.";
				INFOPLIST_KEY_NSLocationAlwaysAndWhenInUseUsageDescription = "App uses your precise location to track your progress.";
				INFOPLIST_KEY_NSLocationWhenInUseUsageDescription = "App uses your precise location to track your progress.";
				INFOPLIST_KEY_NSMotionUsageDescription = "We need access to track motion.";
				"INFOPLIST_KEY_UIApplicationSceneManifest_Generation[sdk=iphoneos*]" = YES;
				"INFOPLIST_KEY_UIApplicationSceneManifest_Generation[sdk=iphonesimulator*]" = YES;
				"INFOPLIST_KEY_UIApplicationSupportsIndirectInputEvents[sdk=iphoneos*]" = YES;
				"INFOPLIST_KEY_UIApplicationSupportsIndirectInputEvents[sdk=iphonesimulator*]" = YES;
				"INFOPLIST_KEY_UILaunchScreen_Generation[sdk=iphoneos*]" = YES;
				"INFOPLIST_KEY_UILaunchScreen_Generation[sdk=iphonesimulator*]" = YES;
				"INFOPLIST_KEY_UIStatusBarStyle[sdk=iphoneos*]" = UIStatusBarStyleDefault;
				"INFOPLIST_KEY_UIStatusBarStyle[sdk=iphonesimulator*]" = UIStatusBarStyleDefault;
				INFOPLIST_KEY_UISupportedInterfaceOrientations_iPhone = "UIInterfaceOrientationPortrait UIInterfaceOrientationLandscapeLeft UIInterfaceOrientationLandscapeRight";
				IPHONEOS_DEPLOYMENT_TARGET = 16;
				LD_RUNPATH_SEARCH_PATHS = "@executable_path/Frameworks";
				"LD_RUNPATH_SEARCH_PATHS[sdk=macosx*]" = "@executable_path/../Frameworks";
				MACOSX_DEPLOYMENT_TARGET = 14.5;
				MARKETING_VERSION = 1.0;
				PRODUCT_BUNDLE_IDENTIFIER = com.ylky.cycling;
				PRODUCT_NAME = "$(TARGET_NAME)";
				SDKROOT = auto;
				SUPPORTED_PLATFORMS = "iphoneos iphonesimulator";
				SUPPORTS_MACCATALYST = NO;
				SWIFT_EMIT_LOC_STRINGS = YES;
				SWIFT_VERSION = 5.0;
				TARGETED_DEVICE_FAMILY = 1;
				XROS_DEPLOYMENT_TARGET = 2.2;
			};
			name = Debug;
		};
		52D9DF022D198F4D005BDF3C /* Release */ = {
			isa = XCBuildConfiguration;
			buildSettings = {
				ASSETCATALOG_COMPILER_APPICON_NAME = AppIcon;
				ASSETCATALOG_COMPILER_GLOBAL_ACCENT_COLOR_NAME = AccentColor;
				CODE_SIGN_ENTITLEMENTS = cycling/cyclingRelease.entitlements;
				CODE_SIGN_STYLE = Automatic;
				CURRENT_PROJECT_VERSION = 1;
				DEVELOPMENT_ASSET_PATHS = "\"cycling/Preview Content\"";
				DEVELOPMENT_TEAM = P22Y2JNWTJ;
				ENABLE_HARDENED_RUNTIME = YES;
				ENABLE_PREVIEWS = YES;
				GENERATE_INFOPLIST_FILE = YES;
				INFOPLIST_FILE = cycling/Info.plist;
				INFOPLIST_KEY_NSHealthShareUsageDescription = "We need access to your health data to track your workouts and monitor your fitness progress.";
				INFOPLIST_KEY_NSHealthUpdateUsageDescription = "We need permission to update your health data for better tracking and analysis.";
				INFOPLIST_KEY_NSLocationAlwaysAndWhenInUseUsageDescription = "App uses your precise location to track your progress.";
				INFOPLIST_KEY_NSLocationWhenInUseUsageDescription = "App uses your precise location to track your progress.";
				INFOPLIST_KEY_NSMotionUsageDescription = "We need access to track motion.";
				"INFOPLIST_KEY_UIApplicationSceneManifest_Generation[sdk=iphoneos*]" = YES;
				"INFOPLIST_KEY_UIApplicationSceneManifest_Generation[sdk=iphonesimulator*]" = YES;
				"INFOPLIST_KEY_UIApplicationSupportsIndirectInputEvents[sdk=iphoneos*]" = YES;
				"INFOPLIST_KEY_UIApplicationSupportsIndirectInputEvents[sdk=iphonesimulator*]" = YES;
				"INFOPLIST_KEY_UILaunchScreen_Generation[sdk=iphoneos*]" = YES;
				"INFOPLIST_KEY_UILaunchScreen_Generation[sdk=iphonesimulator*]" = YES;
				"INFOPLIST_KEY_UIStatusBarStyle[sdk=iphoneos*]" = UIStatusBarStyleDefault;
				"INFOPLIST_KEY_UIStatusBarStyle[sdk=iphonesimulator*]" = UIStatusBarStyleDefault;
				INFOPLIST_KEY_UISupportedInterfaceOrientations_iPhone = "UIInterfaceOrientationPortrait UIInterfaceOrientationLandscapeLeft UIInterfaceOrientationLandscapeRight";
				IPHONEOS_DEPLOYMENT_TARGET = 16;
				LD_RUNPATH_SEARCH_PATHS = "@executable_path/Frameworks";
				"LD_RUNPATH_SEARCH_PATHS[sdk=macosx*]" = "@executable_path/../Frameworks";
				MACOSX_DEPLOYMENT_TARGET = 14.5;
				MARKETING_VERSION = 1.0;
				PRODUCT_BUNDLE_IDENTIFIER = com.ylky.cycling;
				PRODUCT_NAME = "$(TARGET_NAME)";
				SDKROOT = auto;
				SUPPORTED_PLATFORMS = "iphoneos iphonesimulator";
				SUPPORTS_MACCATALYST = NO;
				SWIFT_EMIT_LOC_STRINGS = YES;
				SWIFT_VERSION = 5.0;
				TARGETED_DEVICE_FAMILY = 1;
				XROS_DEPLOYMENT_TARGET = 2.2;
			};
			name = Release;
		};
		52D9DF042D198F4D005BDF3C /* Debug */ = {
			isa = XCBuildConfiguration;
			buildSettings = {
				BUNDLE_LOADER = "$(TEST_HOST)";
				CODE_SIGN_STYLE = Automatic;
				CURRENT_PROJECT_VERSION = 1;
				DEVELOPMENT_TEAM = P22Y2JNWTJ;
				GENERATE_INFOPLIST_FILE = YES;
				INFOPLIST_FILE = cyclingTests/Info.plist;
				INFOPLIST_KEY_NSHealthShareUsageDescription = "We need access to your health data to track your workouts and monitor your fitness progress.";
				INFOPLIST_KEY_NSHealthUpdateUsageDescription = "We need permission to update your health data for better tracking and analysis.";
				INFOPLIST_KEY_NSLocationAlwaysAndWhenInUseUsageDescription = "App uses your precise location to track your progress.";
				INFOPLIST_KEY_NSLocationWhenInUseUsageDescription = "App uses your precise location to track your progress.";
				INFOPLIST_KEY_NSMotionUsageDescription = "We need access to track motion.";
				IPHONEOS_DEPLOYMENT_TARGET = 18.2;
				MACOSX_DEPLOYMENT_TARGET = 14.5;
				MARKETING_VERSION = 1.0;
				PRODUCT_BUNDLE_IDENTIFIER = com.ylky.cyclingTests;
				PRODUCT_NAME = "$(TARGET_NAME)";
				SDKROOT = auto;
				SUPPORTED_PLATFORMS = "iphoneos iphonesimulator";
				SUPPORTS_MACCATALYST = NO;
				SWIFT_EMIT_LOC_STRINGS = NO;
				SWIFT_VERSION = 5.0;
				TARGETED_DEVICE_FAMILY = 1;
				TEST_HOST = "$(BUILT_PRODUCTS_DIR)/cycling.app/$(BUNDLE_EXECUTABLE_FOLDER_PATH)/cycling";
				XROS_DEPLOYMENT_TARGET = 2.2;
			};
			name = Debug;
		};
		52D9DF052D198F4D005BDF3C /* Release */ = {
			isa = XCBuildConfiguration;
			buildSettings = {
				BUNDLE_LOADER = "$(TEST_HOST)";
				CODE_SIGN_STYLE = Automatic;
				CURRENT_PROJECT_VERSION = 1;
				DEVELOPMENT_TEAM = P22Y2JNWTJ;
				GENERATE_INFOPLIST_FILE = YES;
				INFOPLIST_FILE = cyclingTests/Info.plist;
				INFOPLIST_KEY_NSHealthShareUsageDescription = "We need access to your health data to track your workouts and monitor your fitness progress.";
				INFOPLIST_KEY_NSHealthUpdateUsageDescription = "We need permission to update your health data for better tracking and analysis.";
				INFOPLIST_KEY_NSLocationAlwaysAndWhenInUseUsageDescription = "App uses your precise location to track your progress.";
				INFOPLIST_KEY_NSLocationWhenInUseUsageDescription = "App uses your precise location to track your progress.";
				INFOPLIST_KEY_NSMotionUsageDescription = "We need access to track motion.";
				IPHONEOS_DEPLOYMENT_TARGET = 18.2;
				MACOSX_DEPLOYMENT_TARGET = 14.5;
				MARKETING_VERSION = 1.0;
				PRODUCT_BUNDLE_IDENTIFIER = com.ylky.cyclingTests;
				PRODUCT_NAME = "$(TARGET_NAME)";
				SDKROOT = auto;
				SUPPORTED_PLATFORMS = "iphoneos iphonesimulator";
				SUPPORTS_MACCATALYST = NO;
				SWIFT_EMIT_LOC_STRINGS = NO;
				SWIFT_VERSION = 5.0;
				TARGETED_DEVICE_FAMILY = 1;
				TEST_HOST = "$(BUILT_PRODUCTS_DIR)/cycling.app/$(BUNDLE_EXECUTABLE_FOLDER_PATH)/cycling";
				XROS_DEPLOYMENT_TARGET = 2.2;
			};
			name = Release;
		};
		52D9DF072D198F4D005BDF3C /* Debug */ = {
			isa = XCBuildConfiguration;
			buildSettings = {
				CODE_SIGN_STYLE = Automatic;
				CURRENT_PROJECT_VERSION = 1;
				DEVELOPMENT_TEAM = P22Y2JNWTJ;
				GENERATE_INFOPLIST_FILE = YES;
				INFOPLIST_FILE = cyclingUITests/Info.plist;
				INFOPLIST_KEY_NSHealthShareUsageDescription = "We need access to your health data to track your workouts and monitor your fitness progress.";
				INFOPLIST_KEY_NSHealthUpdateUsageDescription = "We need permission to update your health data for better tracking and analysis.";
				INFOPLIST_KEY_NSLocationAlwaysAndWhenInUseUsageDescription = "App uses your precise location to track your progress.";
				INFOPLIST_KEY_NSLocationWhenInUseUsageDescription = "App uses your precise location to track your progress.";
				INFOPLIST_KEY_NSMotionUsageDescription = "We need access to track motion.";
				IPHONEOS_DEPLOYMENT_TARGET = 16;
				MACOSX_DEPLOYMENT_TARGET = 14.5;
				MARKETING_VERSION = 1.0;
				PRODUCT_BUNDLE_IDENTIFIER = com.ylky.cyclingUITests;
				PRODUCT_NAME = "$(TARGET_NAME)";
				SDKROOT = auto;
				SUPPORTED_PLATFORMS = "iphoneos iphonesimulator";
				SUPPORTS_MACCATALYST = NO;
				SWIFT_EMIT_LOC_STRINGS = NO;
				SWIFT_VERSION = 5.0;
				TARGETED_DEVICE_FAMILY = 1;
				TEST_TARGET_NAME = cycling;
				XROS_DEPLOYMENT_TARGET = 2.2;
			};
			name = Debug;
		};
		52D9DF082D198F4D005BDF3C /* Release */ = {
			isa = XCBuildConfiguration;
			buildSettings = {
				CODE_SIGN_STYLE = Automatic;
				CURRENT_PROJECT_VERSION = 1;
				DEVELOPMENT_TEAM = P22Y2JNWTJ;
				GENERATE_INFOPLIST_FILE = YES;
				INFOPLIST_FILE = cyclingUITests/Info.plist;
				INFOPLIST_KEY_NSHealthShareUsageDescription = "We need access to your health data to track your workouts and monitor your fitness progress.";
				INFOPLIST_KEY_NSHealthUpdateUsageDescription = "We need permission to update your health data for better tracking and analysis.";
				INFOPLIST_KEY_NSLocationAlwaysAndWhenInUseUsageDescription = "App uses your precise location to track your progress.";
				INFOPLIST_KEY_NSLocationWhenInUseUsageDescription = "App uses your precise location to track your progress.";
				INFOPLIST_KEY_NSMotionUsageDescription = "We need access to track motion.";
				IPHONEOS_DEPLOYMENT_TARGET = 16;
				MACOSX_DEPLOYMENT_TARGET = 14.5;
				MARKETING_VERSION = 1.0;
				PRODUCT_BUNDLE_IDENTIFIER = com.ylky.cyclingUITests;
				PRODUCT_NAME = "$(TARGET_NAME)";
				SDKROOT = auto;
				SUPPORTED_PLATFORMS = "iphoneos iphonesimulator";
				SUPPORTS_MACCATALYST = NO;
				SWIFT_EMIT_LOC_STRINGS = NO;
				SWIFT_VERSION = 5.0;
				TARGETED_DEVICE_FAMILY = 1;
				TEST_TARGET_NAME = cycling;
				XROS_DEPLOYMENT_TARGET = 2.2;
			};
			name = Release;
		};
/* End XCBuildConfiguration section */

/* Begin XCConfigurationList section */
		52D9DED62D198F4C005BDF3C /* Build configuration list for PBXProject "cycling" */ = {
			isa = XCConfigurationList;
			buildConfigurations = (
				52D9DEFE2D198F4D005BDF3C /* Debug */,
				52D9DEFF2D198F4D005BDF3C /* Release */,
			);
			defaultConfigurationIsVisible = 0;
			defaultConfigurationName = Release;
		};
		52D9DF002D198F4D005BDF3C /* Build configuration list for PBXNativeTarget "cycling" */ = {
			isa = XCConfigurationList;
			buildConfigurations = (
				52D9DF012D198F4D005BDF3C /* Debug */,
				52D9DF022D198F4D005BDF3C /* Release */,
			);
			defaultConfigurationIsVisible = 0;
			defaultConfigurationName = Release;
		};
		52D9DF032D198F4D005BDF3C /* Build configuration list for PBXNativeTarget "cyclingTests" */ = {
			isa = XCConfigurationList;
			buildConfigurations = (
				52D9DF042D198F4D005BDF3C /* Debug */,
				52D9DF052D198F4D005BDF3C /* Release */,
			);
			defaultConfigurationIsVisible = 0;
			defaultConfigurationName = Release;
		};
		52D9DF062D198F4D005BDF3C /* Build configuration list for PBXNativeTarget "cyclingUITests" */ = {
			isa = XCConfigurationList;
			buildConfigurations = (
				52D9DF072D198F4D005BDF3C /* Debug */,
				52D9DF082D198F4D005BDF3C /* Release */,
			);
			defaultConfigurationIsVisible = 0;
			defaultConfigurationName = Release;
		};
/* End XCConfigurationList section */
	};
	rootObject = 52D9DED32D198F4C005BDF3C /* Project object */;
}
